
Microsoft Visual Studio Solution File, Format Version 12.00
# Visual Studio 14
VisualStudioVersion = 14.0.25123.0
MinimumVisualStudioVersion = 10.0.40219.1
Project("{2150E333-8FDC-42A3-9474-1A3956D46DE8}") = "src", "src", "{E09AEF17-6E7E-4832-BD59-74D579C02CA4}"
EndProject
Project("{2150E333-8FDC-42A3-9474-1A3956D46DE8}") = "Solution Items", "Solution Items", "{431E27A4-E3A6-4599-B264-5F4CB6C2370F}"
	ProjectSection(SolutionItems) = preProject
		global.json = global.json
	EndProjectSection
EndProject
Project("{8BB2217D-0F2D-49D1-97BC-3654ED321F3B}") = "Crab.NetCoreApi", "src\Crab.NetCoreApi\Crab.NetCoreApi.xproj", "{A433FB2B-F294-4905-8F28-349BCB142F28}"
EndProject
Project("{2150E333-8FDC-42A3-9474-1A3956D46DE8}") = "Documentation", "Documentation", "{27034710-B7C5-4D7D-A7F3-5476CA6AF894}"
	ProjectSection(SolutionItems) = preProject
		Documentation\Handleiding WS-CRAB.pdf = Documentation\Handleiding WS-CRAB.pdf
		Documentation\Readme.md = Documentation\Readme.md
		Documentation\wscrabmodel.png = Documentation\wscrabmodel.png
	EndProjectSection
EndProject
Global
	GlobalSection(SolutionConfigurationPlatforms) = preSolution
		Debug|Any CPU = Debug|Any CPU
		Release|Any CPU = Release|Any CPU
	EndGlobalSection
	GlobalSection(ProjectConfigurationPlatforms) = postSolution
		{A433FB2B-F294-4905-8F28-349BCB142F28}.Debug|Any CPU.ActiveCfg = Debug|Any CPU
		{A433FB2B-F294-4905-8F28-349BCB142F28}.Debug|Any CPU.Build.0 = Debug|Any CPU
		{A433FB2B-F294-4905-8F28-349BCB142F28}.Release|Any CPU.ActiveCfg = Release|Any CPU
		{A433FB2B-F294-4905-8F28-349BCB142F28}.Release|Any CPU.Build.0 = Release|Any CPU
	EndGlobalSection
	GlobalSection(SolutionProperties) = preSolution
		HideSolutionNode = FALSE
	EndGlobalSection
	GlobalSection(NestedProjects) = preSolution
		{A433FB2B-F294-4905-8F28-349BCB142F28} = {E09AEF17-6E7E-4832-BD59-74D579C02CA4}
	EndGlobalSection
EndGlobal
